PODS:
  - KeychainAccess (4.2.1)
  - SDWebImage (5.9.5):
    - SDWebImage/Core (= 5.9.5)
  - SDWebImage/Core (5.9.5)
  - SDWebImageSwiftUI (1.5.0):
    - SDWebImage (~> 5.7)
  - SteamLogin (0.1.4):
    - SteamLogin/Login (= 0.1.4)
  - SteamLogin/Login (0.1.4)

DEPENDENCIES:
  - KeychainAccess
  - SDWebImageSwiftUI
  - SteamLogin

SPEC REPOS:
  trunk:
    - KeychainAccess
    - SDWebImage
    - SDWebImageSwiftUI
    - SteamLogin

SPEC CHECKSUMS:
  KeychainAccess: 9b07f665298d13c3a85881bd3171f6f49b8151c1
  SDWebImage: 0b2ba0d56479bf6a45ecddbfd5558bea93150d25
  SDWebImageSwiftUI: 43687ffe232ddd33fe0659498b7ca9884fdd6b35
  SteamLogin: 86eee7733cfaa417242671524f39561b0c22700c

PODFILE CHECKSUM: db76eed358d3ad0773d91c510a48299d02e3553f

COCOAPODS: 1.10.0
